
Microsoft Visual Studio Solution File, Format Version 12.00
# Visual Studio Version 16
VisualStudioVersion = 25.0.1700.2
MinimumVisualStudioVersion = 10.0.40219.1
Project("{FAE04EC0-301F-11D3-BF4B-00C04F79EFBC}") = "OdeToFood", "OdeToFood\OdeToFood.csproj", "{2A672055-E786-44FC-845A-E8E7B20F7179}"
EndProject
Global
	GlobalSection(SolutionConfigurationPlatforms) = preSolution
		Debug|Any CPU = Debug|Any CPU
		Release|Any CPU = Release|Any CPU
	EndGlobalSection
	GlobalSection(ProjectConfigurationPlatforms) = postSolution
		{2A672055-E786-44FC-845A-E8E7B20F7179}.Debug|Any CPU.ActiveCfg = Debug|Any CPU
		{2A672055-E786-44FC-845A-E8E7B20F7179}.Debug|Any CPU.Build.0 = Debug|Any CPU
		{2A672055-E786-44FC-845A-E8E7B20F7179}.Release|Any CPU.ActiveCfg = Release|Any CPU
		{2A672055-E786-44FC-845A-E8E7B20F7179}.Release|Any CPU.Build.0 = Release|Any CPU
	EndGlobalSection
	GlobalSection(SolutionProperties) = preSolution
		HideSolutionNode = FALSE
	EndGlobalSection
	GlobalSection(ExtensibilityGlobals) = postSolution
		SolutionGuid = {BD1AD5A3-D23D-4E76-808A-59684D5ED10E}
	EndGlobalSection
EndGlobal
